
Microsoft Visual Studio Solution File, Format Version 12.00
# Visual Studio Version 17
VisualStudioVersion = 17.4.32916.344
MinimumVisualStudioVersion = 10.0.40219.1
Project("{FAE04EC0-301F-11D3-BF4B-00C04F79EFBC}") = "WorkerService", "WorkerService\WorkerService.csproj", "{69C50867-8B55-43A5-B8D5-893539EE133D}"
EndProject
Global
	GlobalSection(SolutionConfigurationPlatforms) = preSolution
		Debug|Any CPU = Debug|Any CPU
		Release|Any CPU = Release|Any CPU
	EndGlobalSection
	GlobalSection(ProjectConfigurationPlatforms) = postSolution
		{69C50867-8B55-43A5-B8D5-893539EE133D}.Debug|Any CPU.ActiveCfg = Debug|Any CPU
		{69C50867-8B55-43A5-B8D5-893539EE133D}.Debug|Any CPU.Build.0 = Debug|Any CPU
		{69C50867-8B55-43A5-B8D5-893539EE133D}.Release|Any CPU.ActiveCfg = Release|Any CPU
		{69C50867-8B55-43A5-B8D5-893539EE133D}.Release|Any CPU.Build.0 = Release|Any CPU
	EndGlobalSection
	GlobalSection(SolutionProperties) = preSolution
		HideSolutionNode = FALSE
	EndGlobalSection
	GlobalSection(ExtensibilityGlobals) = postSolution
		SolutionGuid = {9E08488D-BDA2-46DB-8E7E-FB5ABADDA423}
	EndGlobalSection
EndGlobal
