
Microsoft Visual Studio Solution File, Format Version 12.00
# Visual Studio Version 17
VisualStudioVersion = 17.4.32916.344
MinimumVisualStudioVersion = 10.0.40219.1
Project("{9A19103F-16F7-4668-BE54-9A1E7A4F7556}") = "8.ContainerEnvironment", "ContainerConfiguration\8.ContainerEnvironment.csproj", "{630133B4-7675-46DD-AB30-A48191F0C745}"
EndProject
Project("{9A19103F-16F7-4668-BE54-9A1E7A4F7556}") = "6.Securing", "SecureConfiguration\6.Securing.csproj", "{66483443-5963-4113-BE50-0A3F11AB253E}"
EndProject
Project("{9A19103F-16F7-4668-BE54-9A1E7A4F7556}") = "7.AzureAppConfiguration", "AzureAppConfiguration\7.AzureAppConfiguration.csproj", "{7EE6096F-5297-4631-B3E8-DCA57FDAFFC7}"
EndProject
Project("{9A19103F-16F7-4668-BE54-9A1E7A4F7556}") = "5.HostStartup", "HostConfiguration\5.HostStartup.csproj", "{7B636076-E5E3-4BBB-8741-5658BF907710}"
EndProject
Project("{E53339B2-1760-4266-BCC7-CA923CBCF16C}") = "docker-compose", "docker-compose.dcproj", "{8CA96940-A679-41C7-BDAD-FB5894533087}"
EndProject
Project("{2150E333-8FDC-42A3-9474-1A3956D46DE8}") = "Solution Items", "Solution Items", "{36A50688-B57D-4752-9671-46EBB8581C98}"
	ProjectSection(SolutionItems) = preProject
		ConfigurationDemo.yaml = ConfigurationDemo.yaml
		ConfigurationSecrets.yaml = ConfigurationSecrets.yaml
		Install.ps1 = Install.ps1
	EndProjectSection
EndProject
Project("{9A19103F-16F7-4668-BE54-9A1E7A4F7556}") = "2.Basics", "Basics\2.Basics.csproj", "{CA574608-7811-43F0-93AD-B0ED93495F7A}"
EndProject
Project("{9A19103F-16F7-4668-BE54-9A1E7A4F7556}") = "3.Advanced", "Advanced\3.Advanced.csproj", "{AC0860BF-DEAE-47EC-BD4F-C24CAF9AD29A}"
EndProject
Project("{9A19103F-16F7-4668-BE54-9A1E7A4F7556}") = "1.Hardcoded", "Hardcoded\1.Hardcoded.csproj", "{BF00F4C3-CEF9-49C4-B506-4164CC7CAD20}"
EndProject
Project("{9A19103F-16F7-4668-BE54-9A1E7A4F7556}") = "4.OptionsFramework", "OptionsFramework\4.OptionsFramework.csproj", "{445AD5F5-EA53-461C-90B2-FE8F7D4CB18B}"
EndProject
Global
	GlobalSection(SolutionConfigurationPlatforms) = preSolution
		Debug|Any CPU = Debug|Any CPU
		Release|Any CPU = Release|Any CPU
	EndGlobalSection
	GlobalSection(ProjectConfigurationPlatforms) = postSolution
		{630133B4-7675-46DD-AB30-A48191F0C745}.Debug|Any CPU.ActiveCfg = Debug|Any CPU
		{630133B4-7675-46DD-AB30-A48191F0C745}.Debug|Any CPU.Build.0 = Debug|Any CPU
		{630133B4-7675-46DD-AB30-A48191F0C745}.Release|Any CPU.ActiveCfg = Release|Any CPU
		{630133B4-7675-46DD-AB30-A48191F0C745}.Release|Any CPU.Build.0 = Release|Any CPU
		{66483443-5963-4113-BE50-0A3F11AB253E}.Debug|Any CPU.ActiveCfg = Debug|Any CPU
		{66483443-5963-4113-BE50-0A3F11AB253E}.Debug|Any CPU.Build.0 = Debug|Any CPU
		{66483443-5963-4113-BE50-0A3F11AB253E}.Release|Any CPU.ActiveCfg = Release|Any CPU
		{66483443-5963-4113-BE50-0A3F11AB253E}.Release|Any CPU.Build.0 = Release|Any CPU
		{7EE6096F-5297-4631-B3E8-DCA57FDAFFC7}.Debug|Any CPU.ActiveCfg = Debug|Any CPU
		{7EE6096F-5297-4631-B3E8-DCA57FDAFFC7}.Debug|Any CPU.Build.0 = Debug|Any CPU
		{7EE6096F-5297-4631-B3E8-DCA57FDAFFC7}.Release|Any CPU.ActiveCfg = Release|Any CPU
		{7EE6096F-5297-4631-B3E8-DCA57FDAFFC7}.Release|Any CPU.Build.0 = Release|Any CPU
		{7B636076-E5E3-4BBB-8741-5658BF907710}.Debug|Any CPU.ActiveCfg = Debug|Any CPU
		{7B636076-E5E3-4BBB-8741-5658BF907710}.Debug|Any CPU.Build.0 = Debug|Any CPU
		{7B636076-E5E3-4BBB-8741-5658BF907710}.Release|Any CPU.ActiveCfg = Release|Any CPU
		{7B636076-E5E3-4BBB-8741-5658BF907710}.Release|Any CPU.Build.0 = Release|Any CPU
		{8CA96940-A679-41C7-BDAD-FB5894533087}.Debug|Any CPU.ActiveCfg = Debug|Any CPU
		{8CA96940-A679-41C7-BDAD-FB5894533087}.Debug|Any CPU.Build.0 = Debug|Any CPU
		{8CA96940-A679-41C7-BDAD-FB5894533087}.Release|Any CPU.ActiveCfg = Release|Any CPU
		{8CA96940-A679-41C7-BDAD-FB5894533087}.Release|Any CPU.Build.0 = Release|Any CPU
		{CA574608-7811-43F0-93AD-B0ED93495F7A}.Debug|Any CPU.ActiveCfg = Debug|Any CPU
		{CA574608-7811-43F0-93AD-B0ED93495F7A}.Debug|Any CPU.Build.0 = Debug|Any CPU
		{CA574608-7811-43F0-93AD-B0ED93495F7A}.Release|Any CPU.ActiveCfg = Release|Any CPU
		{CA574608-7811-43F0-93AD-B0ED93495F7A}.Release|Any CPU.Build.0 = Release|Any CPU
		{AC0860BF-DEAE-47EC-BD4F-C24CAF9AD29A}.Debug|Any CPU.ActiveCfg = Debug|Any CPU
		{AC0860BF-DEAE-47EC-BD4F-C24CAF9AD29A}.Debug|Any CPU.Build.0 = Debug|Any CPU
		{AC0860BF-DEAE-47EC-BD4F-C24CAF9AD29A}.Release|Any CPU.ActiveCfg = Release|Any CPU
		{AC0860BF-DEAE-47EC-BD4F-C24CAF9AD29A}.Release|Any CPU.Build.0 = Release|Any CPU
		{BF00F4C3-CEF9-49C4-B506-4164CC7CAD20}.Debug|Any CPU.ActiveCfg = Debug|Any CPU
		{BF00F4C3-CEF9-49C4-B506-4164CC7CAD20}.Debug|Any CPU.Build.0 = Debug|Any CPU
		{BF00F4C3-CEF9-49C4-B506-4164CC7CAD20}.Release|Any CPU.ActiveCfg = Release|Any CPU
		{BF00F4C3-CEF9-49C4-B506-4164CC7CAD20}.Release|Any CPU.Build.0 = Release|Any CPU
		{445AD5F5-EA53-461C-90B2-FE8F7D4CB18B}.Debug|Any CPU.ActiveCfg = Debug|Any CPU
		{445AD5F5-EA53-461C-90B2-FE8F7D4CB18B}.Debug|Any CPU.Build.0 = Debug|Any CPU
		{445AD5F5-EA53-461C-90B2-FE8F7D4CB18B}.Release|Any CPU.ActiveCfg = Release|Any CPU
		{445AD5F5-EA53-461C-90B2-FE8F7D4CB18B}.Release|Any CPU.Build.0 = Release|Any CPU
	EndGlobalSection
	GlobalSection(SolutionProperties) = preSolution
		HideSolutionNode = FALSE
	EndGlobalSection
	GlobalSection(ExtensibilityGlobals) = postSolution
		SolutionGuid = {9E08488D-BDA2-46DB-8E7E-FB5ABADDA423}
	EndGlobalSection
EndGlobal
